
Microsoft Visual Studio Solution File, Format Version 12.00
# Visual Studio Version 16
VisualStudioVersion = 16.0.29905.134
MinimumVisualStudioVersion = 10.0.40219.1
Project("{FAE04EC0-301F-11D3-BF4B-00C04F79EFBC}") = "säie2", "säie2\säie2.csproj", "{BCA6EC1C-435D-48D4-8990-3F39295C52F4}"
EndProject
Global
	GlobalSection(SolutionConfigurationPlatforms) = preSolution
		Debug|Any CPU = Debug|Any CPU
		Release|Any CPU = Release|Any CPU
	EndGlobalSection
	GlobalSection(ProjectConfigurationPlatforms) = postSolution
		{BCA6EC1C-435D-48D4-8990-3F39295C52F4}.Debug|Any CPU.ActiveCfg = Debug|Any CPU
		{BCA6EC1C-435D-48D4-8990-3F39295C52F4}.Debug|Any CPU.Build.0 = Debug|Any CPU
		{BCA6EC1C-435D-48D4-8990-3F39295C52F4}.Release|Any CPU.ActiveCfg = Release|Any CPU
		{BCA6EC1C-435D-48D4-8990-3F39295C52F4}.Release|Any CPU.Build.0 = Release|Any CPU
	EndGlobalSection
	GlobalSection(SolutionProperties) = preSolution
		HideSolutionNode = FALSE
	EndGlobalSection
	GlobalSection(ExtensibilityGlobals) = postSolution
		SolutionGuid = {9406F9FB-4E22-415E-A1B5-A5C9AB72E020}
	EndGlobalSection
EndGlobal
